Microsoft Visual Studio Solution File, Format Version 12.00
# Visual Studio Version 17
VisualStudioVersion = 17.5.2.0
MinimumVisualStudioVersion = 10.0.40219.1
Project("{2150E333-8FDC-42A3-9474-1A3956D46DE8}") = "solutions", "solutions", "{5A177B4B-6BD0-B7EC-F049-C9C04D6D229D}"
EndProject
Project("{FAE04EC0-301F-11D3-BF4B-00C04F79EFBC}") = "challenge_throw_exceptions", "solutions\challenge_throw_exceptions\challenge_throw_exceptions.csproj", "{AF372A4E-485B-3A52-8F33-65C08A24149C}"
EndProject
Global
	GlobalSection(SolutionConfigurationPlatforms) = preSolution
		Debug|Any CPU = Debug|Any CPU
		Release|Any CPU = Release|Any CPU
	EndGlobalSection
	GlobalSection(ProjectConfigurationPlatforms) = postSolution
		{AF372A4E-485B-3A52-8F33-65C08A24149C}.Debug|Any CPU.ActiveCfg = Debug|Any CPU
		{AF372A4E-485B-3A52-8F33-65C08A24149C}.Debug|Any CPU.Build.0 = Debug|Any CPU
		{AF372A4E-485B-3A52-8F33-65C08A24149C}.Release|Any CPU.ActiveCfg = Release|Any CPU
		{AF372A4E-485B-3A52-8F33-65C08A24149C}.Release|Any CPU.Build.0 = Release|Any CPU
	EndGlobalSection
	GlobalSection(SolutionProperties) = preSolution
		HideSolutionNode = FALSE
	EndGlobalSection
	GlobalSection(NestedProjects) = preSolution
		{AF372A4E-485B-3A52-8F33-65C08A24149C} = {5A177B4B-6BD0-B7EC-F049-C9C04D6D229D}
	EndGlobalSection
	GlobalSection(ExtensibilityGlobals) = postSolution
		SolutionGuid = {0DFED935-58BC-4068-AFB0-F6FD260FB577}
	EndGlobalSection
EndGlobal
