Microsoft Visual Studio Solution File, Format Version 12.00
# Visual Studio Version 17
VisualStudioVersion = 17.5.2.0
MinimumVisualStudioVersion = 10.0.40219.1
Project("{2150E333-8FDC-42A3-9474-1A3956D46DE8}") = "solutions", "solutions", "{5A177B4B-6BD0-B7EC-F049-C9C04D6D229D}"
EndProject
Project("{FAE04EC0-301F-11D3-BF4B-00C04F79EFBC}") = "score_report", "solutions\score_report\score_report.csproj", "{D0E9E7BA-9947-2F88-28E2-9646330B9333}"
EndProject
Project("{FAE04EC0-301F-11D3-BF4B-00C04F79EFBC}") = "student_grades", "solutions\student_grades\student_grades.csproj", "{82841992-22B0-503D-863B-5FC9AC092558}"
EndProject
Global
	GlobalSection(SolutionConfigurationPlatforms) = preSolution
		Debug|Any CPU = Debug|Any CPU
		Release|Any CPU = Release|Any CPU
	EndGlobalSection
	GlobalSection(ProjectConfigurationPlatforms) = postSolution
		{D0E9E7BA-9947-2F88-28E2-9646330B9333}.Debug|Any CPU.ActiveCfg = Debug|Any CPU
		{D0E9E7BA-9947-2F88-28E2-9646330B9333}.Debug|Any CPU.Build.0 = Debug|Any CPU
		{D0E9E7BA-9947-2F88-28E2-9646330B9333}.Release|Any CPU.ActiveCfg = Release|Any CPU
		{D0E9E7BA-9947-2F88-28E2-9646330B9333}.Release|Any CPU.Build.0 = Release|Any CPU
		{82841992-22B0-503D-863B-5FC9AC092558}.Debug|Any CPU.ActiveCfg = Debug|Any CPU
		{82841992-22B0-503D-863B-5FC9AC092558}.Debug|Any CPU.Build.0 = Debug|Any CPU
		{82841992-22B0-503D-863B-5FC9AC092558}.Release|Any CPU.ActiveCfg = Release|Any CPU
		{82841992-22B0-503D-863B-5FC9AC092558}.Release|Any CPU.Build.0 = Release|Any CPU
	EndGlobalSection
	GlobalSection(SolutionProperties) = preSolution
		HideSolutionNode = FALSE
	EndGlobalSection
	GlobalSection(NestedProjects) = preSolution
		{D0E9E7BA-9947-2F88-28E2-9646330B9333} = {5A177B4B-6BD0-B7EC-F049-C9C04D6D229D}
		{82841992-22B0-503D-863B-5FC9AC092558} = {5A177B4B-6BD0-B7EC-F049-C9C04D6D229D}
	EndGlobalSection
	GlobalSection(ExtensibilityGlobals) = postSolution
		SolutionGuid = {E0419BF1-F2EC-457E-999C-8BF2262DB588}
	EndGlobalSection
EndGlobal
